
Microsoft Visual Studio Solution File, Format Version 12.00
# Visual Studio Version 17
VisualStudioVersion = 17.10.35027.167
MinimumVisualStudioVersion = 10.0.40219.1
Project("{FAE04EC0-301F-11D3-BF4B-00C04F79EFBC}") = "ChatApp", "ChatApp\ChatApp.csproj", "{47D95E97-E45D-41CF-9566-9CBA2048F28F}"
EndProject
Global
	GlobalSection(SolutionConfigurationPlatforms) = preSolution
		Debug|Any CPU = Debug|Any CPU
		Release|Any CPU = Release|Any CPU
	EndGlobalSection
	GlobalSection(ProjectConfigurationPlatforms) = postSolution
		{47D95E97-E45D-41CF-9566-9CBA2048F28F}.Debug|Any CPU.ActiveCfg = Debug|Any CPU
		{47D95E97-E45D-41CF-9566-9CBA2048F28F}.Debug|Any CPU.Build.0 = Debug|Any CPU
		{47D95E97-E45D-41CF-9566-9CBA2048F28F}.Release|Any CPU.ActiveCfg = Release|Any CPU
		{47D95E97-E45D-41CF-9566-9CBA2048F28F}.Release|Any CPU.Build.0 = Release|Any CPU
	EndGlobalSection
	GlobalSection(SolutionProperties) = preSolution
		HideSolutionNode = FALSE
	EndGlobalSection
	GlobalSection(ExtensibilityGlobals) = postSolution
		SolutionGuid = {D3163935-6188-49E7-90A7-0DF05DFC9CE0}
	EndGlobalSection
EndGlobal
