
Microsoft Visual Studio Solution File, Format Version 12.00
# Visual Studio Version 17
VisualStudioVersion = 17.10.35027.167
MinimumVisualStudioVersion = 10.0.40219.1
Project("{FAE04EC0-301F-11D3-BF4B-00C04F79EFBC}") = "c# practise", "c# practise\c# practise.csproj", "{00988F24-E1B2-4A86-A9CA-D79FF744BD4B}"
EndProject
Global
	GlobalSection(SolutionConfigurationPlatforms) = preSolution
		Debug|Any CPU = Debug|Any CPU
		Release|Any CPU = Release|Any CPU
	EndGlobalSection
	GlobalSection(ProjectConfigurationPlatforms) = postSolution
		{00988F24-E1B2-4A86-A9CA-D79FF744BD4B}.Debug|Any CPU.ActiveCfg = Debug|Any CPU
		{00988F24-E1B2-4A86-A9CA-D79FF744BD4B}.Debug|Any CPU.Build.0 = Debug|Any CPU
		{00988F24-E1B2-4A86-A9CA-D79FF744BD4B}.Release|Any CPU.ActiveCfg = Release|Any CPU
		{00988F24-E1B2-4A86-A9CA-D79FF744BD4B}.Release|Any CPU.Build.0 = Release|Any CPU
	EndGlobalSection
	GlobalSection(SolutionProperties) = preSolution
		HideSolutionNode = FALSE
	EndGlobalSection
	GlobalSection(ExtensibilityGlobals) = postSolution
		SolutionGuid = {096325FE-8663-4D26-A4A1-4438648B5852}
	EndGlobalSection
EndGlobal
