
Microsoft Visual Studio Solution File, Format Version 12.00
# Visual Studio Version 17
VisualStudioVersion = 17.10.34928.147
MinimumVisualStudioVersion = 10.0.40219.1
Project("{FAE04EC0-301F-11D3-BF4B-00C04F79EFBC}") = "Contactly", "Contactly\Contactly.csproj", "{C8283FAE-7ABB-4DA5-A6CD-EF470A18F6C6}"
EndProject
Global
	GlobalSection(SolutionConfigurationPlatforms) = preSolution
		Debug|Any CPU = Debug|Any CPU
		Release|Any CPU = Release|Any CPU
	EndGlobalSection
	GlobalSection(ProjectConfigurationPlatforms) = postSolution
		{C8283FAE-7ABB-4DA5-A6CD-EF470A18F6C6}.Debug|Any CPU.ActiveCfg = Debug|Any CPU
		{C8283FAE-7ABB-4DA5-A6CD-EF470A18F6C6}.Debug|Any CPU.Build.0 = Debug|Any CPU
		{C8283FAE-7ABB-4DA5-A6CD-EF470A18F6C6}.Release|Any CPU.ActiveCfg = Release|Any CPU
		{C8283FAE-7ABB-4DA5-A6CD-EF470A18F6C6}.Release|Any CPU.Build.0 = Release|Any CPU
	EndGlobalSection
	GlobalSection(SolutionProperties) = preSolution
		HideSolutionNode = FALSE
	EndGlobalSection
	GlobalSection(ExtensibilityGlobals) = postSolution
		SolutionGuid = {D49E9209-AE1B-414F-A2E2-9E8335A16629}
	EndGlobalSection
EndGlobal
