
Microsoft Visual Studio Solution File, Format Version 12.00
# Visual Studio Version 17
VisualStudioVersion = 17.10.34928.147
MinimumVisualStudioVersion = 10.0.40219.1
Project("{FAE04EC0-301F-11D3-BF4B-00C04F79EFBC}") = "PractiseSet", "PractiseSet\PractiseSet.csproj", "{1C463645-62E4-4F25-96A3-4B957A10180F}"
EndProject
Global
	GlobalSection(SolutionConfigurationPlatforms) = preSolution
		Debug|Any CPU = Debug|Any CPU
		Release|Any CPU = Release|Any CPU
	EndGlobalSection
	GlobalSection(ProjectConfigurationPlatforms) = postSolution
		{1C463645-62E4-4F25-96A3-4B957A10180F}.Debug|Any CPU.ActiveCfg = Debug|Any CPU
		{1C463645-62E4-4F25-96A3-4B957A10180F}.Debug|Any CPU.Build.0 = Debug|Any CPU
		{1C463645-62E4-4F25-96A3-4B957A10180F}.Release|Any CPU.ActiveCfg = Release|Any CPU
		{1C463645-62E4-4F25-96A3-4B957A10180F}.Release|Any CPU.Build.0 = Release|Any CPU
	EndGlobalSection
	GlobalSection(SolutionProperties) = preSolution
		HideSolutionNode = FALSE
	EndGlobalSection
	GlobalSection(ExtensibilityGlobals) = postSolution
		SolutionGuid = {51F5E026-E979-437D-890B-8FD6E3A082C0}
	EndGlobalSection
EndGlobal
