
Microsoft Visual Studio Solution File, Format Version 12.00
# Visual Studio Version 17
VisualStudioVersion = 17.10.34928.147
MinimumVisualStudioVersion = 10.0.40219.1
Project("{FAE04EC0-301F-11D3-BF4B-00C04F79EFBC}") = "EmployeeManagementsyatem", "EmployeeManagementsyatem\EmployeeManagementsyatem.csproj", "{B0D4E9BE-FF6E-4CE2-B8B6-49605793B7AA}"
EndProject
Global
	GlobalSection(SolutionConfigurationPlatforms) = preSolution
		Debug|Any CPU = Debug|Any CPU
		Release|Any CPU = Release|Any CPU
	EndGlobalSection
	GlobalSection(ProjectConfigurationPlatforms) = postSolution
		{B0D4E9BE-FF6E-4CE2-B8B6-49605793B7AA}.Debug|Any CPU.ActiveCfg = Debug|Any CPU
		{B0D4E9BE-FF6E-4CE2-B8B6-49605793B7AA}.Debug|Any CPU.Build.0 = Debug|Any CPU
		{B0D4E9BE-FF6E-4CE2-B8B6-49605793B7AA}.Release|Any CPU.ActiveCfg = Release|Any CPU
		{B0D4E9BE-FF6E-4CE2-B8B6-49605793B7AA}.Release|Any CPU.Build.0 = Release|Any CPU
	EndGlobalSection
	GlobalSection(SolutionProperties) = preSolution
		HideSolutionNode = FALSE
	EndGlobalSection
	GlobalSection(ExtensibilityGlobals) = postSolution
		SolutionGuid = {4B3B6DF7-4A9B-45A6-8241-D4F58A182A90}
	EndGlobalSection
EndGlobal
