
Microsoft Visual Studio Solution File, Format Version 12.00
# Visual Studio Version 17
VisualStudioVersion = 17.10.35027.167
MinimumVisualStudioVersion = 10.0.40219.1
Project("{FAE04EC0-301F-11D3-BF4B-00C04F79EFBC}") = "DatingApp_Dapper", "DatingApp_Dapper\DatingApp_Dapper.csproj", "{A768D986-929A-4B2E-87C1-9F15B43EB295}"
EndProject
Global
	GlobalSection(SolutionConfigurationPlatforms) = preSolution
		Debug|Any CPU = Debug|Any CPU
		Release|Any CPU = Release|Any CPU
	EndGlobalSection
	GlobalSection(ProjectConfigurationPlatforms) = postSolution
		{A768D986-929A-4B2E-87C1-9F15B43EB295}.Debug|Any CPU.ActiveCfg = Debug|Any CPU
		{A768D986-929A-4B2E-87C1-9F15B43EB295}.Debug|Any CPU.Build.0 = Debug|Any CPU
		{A768D986-929A-4B2E-87C1-9F15B43EB295}.Release|Any CPU.ActiveCfg = Release|Any CPU
		{A768D986-929A-4B2E-87C1-9F15B43EB295}.Release|Any CPU.Build.0 = Release|Any CPU
	EndGlobalSection
	GlobalSection(SolutionProperties) = preSolution
		HideSolutionNode = FALSE
	EndGlobalSection
	GlobalSection(ExtensibilityGlobals) = postSolution
		SolutionGuid = {22B936F3-D7C2-42B8-8798-9EB54B0DAF20}
	EndGlobalSection
EndGlobal
